schema: '2.0'
stages:
  train:
    cmd: python src/train.py
    deps:
    - path: data/raw/wildfire-raw-yolov8
      md5: ffe9083905cf64817ca61146b3356bb6.dir
      size: 28867246
      nfiles: 1482
    - path: params.yaml
      md5: a061a8a3138da65df56595927ca325f6
      size: 216
    - path: src/train.py
      md5: 8cde4fe436744929ddbaeaadb37aad71
      size: 986
    - path: src/utils.py
      md5: 3ecd480350d0d8edb7e4ba533bb555ad
      size: 1253
    outs:
    - path: models/model.pt
      md5: 31c95b64b4a92e32e26ca67d99ffc401
      size: 22495096
    - path: reports/train_metrics.csv
      md5: 30cf68a8a216e4dcfbde8717fa882e9f
      size: 7056
    - path: reports/train_params.yaml
      md5: 5c58f717d9f2b23de0e7483ba7fbf2b2
      size: 1502
